Microsoft Visual Studio Solution File, Format Version 12.00
# Visual Studio Version 17
VisualStudioVersion = 17.5.2.0
MinimumVisualStudioVersion = 10.0.40219.1
Project("{FAE04EC0-301F-11D3-BF4B-00C04F79EFBC}") = "gasoholic", "gasoholic.csproj", "{8A02FE1C-D5AA-3B95-5311-AC4C9F0828CF}"
EndProject
Global
	GlobalSection(SolutionConfigurationPlatforms) = preSolution
		Debug|Any CPU = Debug|Any CPU
		Release|Any CPU = Release|Any CPU
	EndGlobalSection
	GlobalSection(ProjectConfigurationPlatforms) = postSolution
		{8A02FE1C-D5AA-3B95-5311-AC4C9F0828CF}.Debug|Any CPU.ActiveCfg = Debug|Any CPU
		{8A02FE1C-D5AA-3B95-5311-AC4C9F0828CF}.Debug|Any CPU.Build.0 = Debug|Any CPU
		{8A02FE1C-D5AA-3B95-5311-AC4C9F0828CF}.Release|Any CPU.ActiveCfg = Release|Any CPU
		{8A02FE1C-D5AA-3B95-5311-AC4C9F0828CF}.Release|Any CPU.Build.0 = Release|Any CPU
	EndGlobalSection
	GlobalSection(SolutionProperties) = preSolution
		HideSolutionNode = FALSE
	EndGlobalSection
	GlobalSection(ExtensibilityGlobals) = postSolution
		SolutionGuid = {F92C7671-B4FB-4FDE-B527-7776C67A11FC}
	EndGlobalSection
EndGlobal
